
Microsoft Visual Studio Solution File, Format Version 12.00
# Visual Studio 15
VisualStudioVersion = 15.0.28010.2026
MinimumVisualStudioVersion = 10.0.40219.1
Project("{FAE04EC0-301F-11D3-BF4B-00C04F79EFBC}") = "POCs", "POCs\POCs.csproj", "{0C03D16E-3C94-4DD5-A8EF-B2CBB61F3EED}"
EndProject
Global
	GlobalSection(SolutionConfigurationPlatforms) = preSolution
		Debug|Any CPU = Debug|Any CPU
		Release|Any CPU = Release|Any CPU
	EndGlobalSection
	GlobalSection(ProjectConfigurationPlatforms) = postSolution
		{0C03D16E-3C94-4DD5-A8EF-B2CBB61F3EED}.Debug|Any CPU.ActiveCfg = Debug|Any CPU
		{0C03D16E-3C94-4DD5-A8EF-B2CBB61F3EED}.Debug|Any CPU.Build.0 = Debug|Any CPU
		{0C03D16E-3C94-4DD5-A8EF-B2CBB61F3EED}.Release|Any CPU.ActiveCfg = Release|Any CPU
		{0C03D16E-3C94-4DD5-A8EF-B2CBB61F3EED}.Release|Any CPU.Build.0 = Release|Any CPU
	EndGlobalSection
	GlobalSection(SolutionProperties) = preSolution
		HideSolutionNode = FALSE
	EndGlobalSection
	GlobalSection(ExtensibilityGlobals) = postSolution
		SolutionGuid = {5804DB77-058B-423E-A879-8C0415E9101B}
	EndGlobalSection
EndGlobal
